
Microsoft Visual Studio Solution File, Format Version 12.00
# Visual Studio Version 16
VisualStudioVersion = 25.0.1706.6
MinimumVisualStudioVersion = 10.0.40219.1
Project("{FAE04EC0-301F-11D3-BF4B-00C04F79EFBC}") = "Demo", "Demo\Demo.csproj", "{48DFD4DE-2C54-4B5E-9F87-6B0FCAA94EAA}"
EndProject
Global
	GlobalSection(SolutionConfigurationPlatforms) = preSolution
		Debug|Any CPU = Debug|Any CPU
		Release|Any CPU = Release|Any CPU
	EndGlobalSection
	GlobalSection(ProjectConfigurationPlatforms) = postSolution
		{48DFD4DE-2C54-4B5E-9F87-6B0FCAA94EAA}.Debug|Any CPU.ActiveCfg = Debug|Any CPU
		{48DFD4DE-2C54-4B5E-9F87-6B0FCAA94EAA}.Debug|Any CPU.Build.0 = Debug|Any CPU
		{48DFD4DE-2C54-4B5E-9F87-6B0FCAA94EAA}.Release|Any CPU.ActiveCfg = Release|Any CPU
		{48DFD4DE-2C54-4B5E-9F87-6B0FCAA94EAA}.Release|Any CPU.Build.0 = Release|Any CPU
	EndGlobalSection
	GlobalSection(SolutionProperties) = preSolution
		HideSolutionNode = FALSE
	EndGlobalSection
	GlobalSection(ExtensibilityGlobals) = postSolution
		SolutionGuid = {AF2A2669-BDA2-4684-8CC2-434D5AA35CB5}
	EndGlobalSection
EndGlobal
